# This file is autogenerated, do not edit; changes may be undone by the next 'dep ensure'.


[[projects]]
  branch = "master"
  digest = "1:58d0ff20b321dbf830c1ba199fa63f08701c3439577f4b250df04af1b8790fed"
  name = "github.com/Netflix/go-env"
  packages = ["."]
  pruneopts = ""
  revision = "1e80ef5003ef234880e1dbf1436a5c84f917cfcf"

[[projects]]
  digest = "1:19228cf90ab2e07a9aec5c56b33634fe1f4c20c1a28ae839f6a00907e24072fa"
  name = "github.com/PuerkitoBio/goquery"
  packages = ["."]
  pruneopts = ""
  revision = "1b16b92ddf27ae338f7f162d5e4316b31bccdb8e"
  version = "v1.5.1"

[[projects]]
  digest = "1:99bb098027ff0bffd40e1c95c7bf34726d1e422b4d5e421f14c5f96d28b9035b"
  name = "github.com/andybalholm/cascadia"
  packages = ["."]
  pruneopts = ""
  revision = "b69f6c92dfc187ebfe3914df716c2647a3af0ba0"
  version = "v1.1.0"

[[projects]]
  digest = "1:98821f112f8df55aa478b541a6c9b98263b31d72ebaeca493a1643b10eda76df"
  name = "github.com/getsentry/sentry-go"
  packages = ["."]
  pruneopts = ""
  revision = "93b68f59e483f3eede43c3212220a9f6689f8812"
  version = "v0.5.1"

[[projects]]
  digest = "1:2c0d38c0cc63b8e16067daffdfe05be8546a3c47b89c3de97f34e3314541f4cf"
  name = "github.com/go-redis/redis"
  packages = [
    ".",
    "internal",
    "internal/consistenthash",
    "internal/hashtag",
    "internal/pool",
    "internal/proto",
    "internal/util",
  ]
  pruneopts = ""
  revision = "99cd690a7019656b0b67c6664453f27a6d8a658e"
  version = "v6.15.7"

[[projects]]
  digest = "1:b0f81d29fcc8df568a060df5ef86e6aed544003e2c65007541cca17a83605768"
  name = "github.com/go-telegram-bot-api/telegram-bot-api"
  packages = ["."]
  pruneopts = ""
  revision = "9860bdfd3a171ceafb6e1eafa163482a6ef92643"
  version = "v4.6.4"

[[projects]]
  digest = "1:0f51cee70b0d254dbc93c22666ea2abf211af81c1701a96d04e2284b408621db"
  name = "github.com/konsorten/go-windows-terminal-sequences"
  packages = ["."]
  pruneopts = ""
  revision = "f55edac94c9bbba5d6182a4be46d86a2c9b5b50e"
  version = "v1.0.2"

[[projects]]
  digest = "1:1a405cddcf3368445051fb70ab465ae99da56ad7be8d8ca7fc52159d1c2d873c"
  name = "github.com/sirupsen/logrus"
  packages = ["."]
  pruneopts = ""
  revision = "839c75faf7f98a33d445d181f3018b5c3409a45e"
  version = "v1.4.2"

[[projects]]
  digest = "1:3bfdafac43ceb125f775eb79b8ee8f1e976e227464434ffad40f956ac029e760"
  name = "github.com/technoweenie/multipartstreamer"
  packages = ["."]
  pruneopts = ""
  revision = "a90a01d73ae432e2611d178c18367fbaa13e0154"
  version = "v1.0.1"

[[projects]]
  branch = "master"
  digest = "1:03958399ce5fe4d03756acb4748ce12901105d593b5687332a283f4ab3fdb3c2"
  name = "golang.org/x/net"
  packages = [
    "html",
    "html/atom",
  ]
  pruneopts = ""
  revision = "5a598a2470a0279bd28bab287167dc1ef0813153"

[[projects]]
  branch = "master"
  digest = "1:bae0e7b547066e4b4f79e2c47e8c3270095fe0cd1b55ae02dff78c37726ea709"
  name = "golang.org/x/sys"
  packages = ["unix"]
  pruneopts = ""
  revision = "d5e6a3e2c0ae16fc7480523ebcb7fd4dd3215489"

[solve-meta]
  analyzer-name = "dep"
  analyzer-version = 1
  input-imports = [
    "github.com/Netflix/go-env",
    "github.com/PuerkitoBio/goquery",
    "github.com/getsentry/sentry-go",
    "github.com/go-redis/redis",
    "github.com/go-telegram-bot-api/telegram-bot-api",
    "github.com/sirupsen/logrus",
    "golang.org/x/net/html",
  ]
  solver-name = "gps-cdcl"
  solver-version = 1
